
Microsoft Visual Studio Solution File, Format Version 12.00
# Visual Studio Version 17
VisualStudioVersion = 17.4.33205.214
MinimumVisualStudioVersion = 10.0.40219.1
Project("{FAE04EC0-301F-11D3-BF4B-00C04F79EFBC}") = "CursoOnline.DomainTest", "test\CursoOnline.DomainTest\CursoOnline.DomainTest.csproj", "{9FE6FDA9-7FD4-4108-B51F-6DEBA29C965A}"
EndProject
Project("{FAE04EC0-301F-11D3-BF4B-00C04F79EFBC}") = "CursoOnline.Domain", "src\CursoOnline.Domain\CursoOnline.Domain.csproj", "{2758C146-FAB5-4C25-AD72-A69B35E7E588}"
EndProject
Global
	GlobalSection(SolutionConfigurationPlatforms) = preSolution
		Debug|Any CPU = Debug|Any CPU
		Release|Any CPU = Release|Any CPU
	EndGlobalSection
	GlobalSection(ProjectConfigurationPlatforms) = postSolution
		{9FE6FDA9-7FD4-4108-B51F-6DEBA29C965A}.Debug|Any CPU.ActiveCfg = Debug|Any CPU
		{9FE6FDA9-7FD4-4108-B51F-6DEBA29C965A}.Debug|Any CPU.Build.0 = Debug|Any CPU
		{9FE6FDA9-7FD4-4108-B51F-6DEBA29C965A}.Release|Any CPU.ActiveCfg = Release|Any CPU
		{9FE6FDA9-7FD4-4108-B51F-6DEBA29C965A}.Release|Any CPU.Build.0 = Release|Any CPU
		{2758C146-FAB5-4C25-AD72-A69B35E7E588}.Debug|Any CPU.ActiveCfg = Debug|Any CPU
		{2758C146-FAB5-4C25-AD72-A69B35E7E588}.Debug|Any CPU.Build.0 = Debug|Any CPU
		{2758C146-FAB5-4C25-AD72-A69B35E7E588}.Release|Any CPU.ActiveCfg = Release|Any CPU
		{2758C146-FAB5-4C25-AD72-A69B35E7E588}.Release|Any CPU.Build.0 = Release|Any CPU
	EndGlobalSection
	GlobalSection(SolutionProperties) = preSolution
		HideSolutionNode = FALSE
	EndGlobalSection
	GlobalSection(ExtensibilityGlobals) = postSolution
		SolutionGuid = {95DCDA65-6B38-4AC6-9FAB-07E39701494D}
	EndGlobalSection
EndGlobal
